<?xml version="1.0" encoding="utf-8"?>
<Project ToolsVersion="4.0" xmlns="http://schemas.microsoft.com/developer/msbuild/2003">
  <ItemGroup>
    <Filter Include="win32">
      <UniqueIdentifier>{84a8ebd7-7cf0-47f6-b75e-d441df67da40}</UniqueIdentifier>
    </Filter>
    <Filter Include="resource">
      <UniqueIdentifier>{715254bc-d70b-4ec5-bf29-467dd3ace079}</UniqueIdentifier>
    </Filter>
    <Filter Include="src">
      <UniqueIdentifier>{bb6c862e-70e9-49d9-81b7-3829a6f50471}</UniqueIdentifier>
    </Filter>
    <Filter Include="src\Classes">
      <UniqueIdentifier>{0f54796b-e123-4630-b76d-ede7e2f1b082}</UniqueIdentifier>
    </Filter>
    <Filter Include="src\Classes\Common">
      <UniqueIdentifier>{3fe7480a-5ff1-4d35-a66b-249a8d0d3441}</UniqueIdentifier>
    </Filter>
    <Filter Include="src\Classes\Common\Entities">
      <UniqueIdentifier>{18d2a436-727e-4e74-a2b0-ffa7ae41d513}</UniqueIdentifier>
    </Filter>
    <Filter Include="src\Classes\Common\EventManager">
      <UniqueIdentifier>{37b1c237-3a2c-4d1a-b868-c8f0b567eddf}</UniqueIdentifier>
    </Filter>
    <Filter Include="src\Classes\Common\Item">
      <UniqueIdentifier>{d0616dc5-b7d9-4653-9edb-b567da3f80b6}</UniqueIdentifier>
    </Filter>
    <Filter Include="src\Classes\Common\Element">
      <UniqueIdentifier>{9c429b18-3291-42b0-bf4d-caf943b56f9c}</UniqueIdentifier>
    </Filter>
    <Filter Include="src\Classes\Common\Skill">
      <UniqueIdentifier>{af0e04b3-c809-41bd-bfd0-2263cc712e9b}</UniqueIdentifier>
    </Filter>
    <Filter Include="src\Classes\Common\Backpack">
      <UniqueIdentifier>{3fce192b-ab84-40a0-9739-36addf0ec79b}</UniqueIdentifier>
    </Filter>
    <Filter Include="src\ToolFunction">
      <UniqueIdentifier>{4a9b527a-fb3c-489c-b590-3d0199d9e092}</UniqueIdentifier>
    </Filter>
  </ItemGroup>
  <ItemGroup>
    <ClCompile Include="main.cpp">
      <Filter>win32</Filter>
    </ClCompile>
    <ClCompile Include="..\Classes\AppDelegate.cpp">
      <Filter>src</Filter>
    </ClCompile>
    <ClCompile Include="..\Classes\TestScene.cpp">
      <Filter>src</Filter>
    </ClCompile>
    <ClCompile Include="..\Classes\Common\EventManager\ButtonEventManager.cpp">
      <Filter>src\Classes\Common\EventManager</Filter>
    </ClCompile>
    <ClCompile Include="..\Classes\Common\EventManager\InventoryMouseEventManager.cpp">
      <Filter>src\Classes\Common\EventManager</Filter>
    </ClCompile>
    <ClCompile Include="..\Classes\Common\EventManager\KeyboardEventManager.cpp">
      <Filter>src\Classes\Common\EventManager</Filter>
    </ClCompile>
    <ClCompile Include="..\Classes\Common\EventManager\MainGameMouseEventManager.cpp">
      <Filter>src\Classes\Common\EventManager</Filter>
    </ClCompile>
    <ClCompile Include="..\Classes\Common\Entities\Entities.cpp">
      <Filter>src\Classes\Common\Entities</Filter>
    </ClCompile>
    <ClCompile Include="..\Classes\Common\Entities\Player\Player.cpp">
      <Filter>src\Classes\Common\Entities</Filter>
    </ClCompile>
    <ClCompile Include="..\Classes\Common\Item\Item.cpp">
      <Filter>src\Classes\Common\Item</Filter>
    </ClCompile>
    <ClCompile Include="..\Classes\Common\Item\Equipment\Equipment.cpp">
      <Filter>src\Classes\Common\Item</Filter>
    </ClCompile>
    <ClCompile Include="..\Classes\Common\Item\Equipment\Weapon\Weapon.cpp">
      <Filter>src\Classes\Common\Item</Filter>
    </ClCompile>
    <ClCompile Include="..\Classes\Common\Entities\Enemy\Enemy.cpp">
      <Filter>src\Classes\Common\Entities</Filter>
    </ClCompile>
    <ClCompile Include="..\Classes\Common\Element\Element.cpp">
      <Filter>src\Classes\Common\Element</Filter>
    </ClCompile>
    <ClCompile Include="..\Classes\Common\Entities\Player\Skill\Skill.cpp">
      <Filter>src\Classes\Common\Skill</Filter>
    </ClCompile>
    <ClCompile Include="..\Classes\Common\Backpack\Backpack.cpp">
      <Filter>src\Classes\Common\Backpack</Filter>
    </ClCompile>
    <ClCompile Include="..\Classes\Common\Item\Food\Food.cpp">
      <Filter>src\Classes\Common\Item</Filter>
    </ClCompile>
    <ClCompile Include="..\Classes\Common\Item\Potion\Potion.cpp">
      <Filter>src\Classes\Common\Item</Filter>
    </ClCompile>
    <ClCompile Include="..\Classes\Common\Item\Equipment\Accessory\Accessory.cpp">
      <Filter>src\Classes\Common\Item</Filter>
    </ClCompile>
    <ClCompile Include="..\Classes\Common\Item\Equipment\Armor\Armor.cpp">
      <Filter>src\Classes\Common\Item</Filter>
    </ClCompile>
    <ClCompile Include="..\Classes\Common\Entities\Player\Skill\ShieldSkill\ShieldSkill.cpp">
      <Filter>src\Classes\Common\Skill</Filter>
    </ClCompile>
    <ClCompile Include="..\Classes\Common\Entities\Player\Skill\HealSkill\HealSkill.cpp">
      <Filter>src\Classes\Common\Skill</Filter>
    </ClCompile>
    <ClCompile Include="..\Classes\Common\Entities\Player\Skill\AttackSkill\AttackSkill.cpp">
      <Filter>src\Classes\Common\Skill</Filter>
    </ClCompile>
    <ClCompile Include="ToolFunction.cpp">
      <Filter>src\ToolFunction</Filter>
    </ClCompile>
  </ItemGroup>
  <ItemGroup>
    <ClInclude Include="main.h">
      <Filter>win32</Filter>
    </ClInclude>
    <ClInclude Include="..\Classes\AppDelegate.h">
      <Filter>src</Filter>
    </ClInclude>
    <ClInclude Include="..\Classes\TestScene.h">
      <Filter>src</Filter>
    </ClInclude>
    <ClInclude Include="..\Classes\Common\EventManager\ButtonEventManager.h">
      <Filter>src\Classes\Common\EventManager</Filter>
    </ClInclude>
    <ClInclude Include="..\Classes\Common\EventManager\EventManager.h">
      <Filter>src\Classes\Common\EventManager</Filter>
    </ClInclude>
    <ClInclude Include="..\Classes\Common\EventManager\InventoryMouseEventManager.h">
      <Filter>src\Classes\Common\EventManager</Filter>
    </ClInclude>
    <ClInclude Include="..\Classes\Common\EventManager\KeyboardEventManager.h">
      <Filter>src\Classes\Common\EventManager</Filter>
    </ClInclude>
    <ClInclude Include="..\Classes\Common\EventManager\MainGameMouseEventManager.h">
      <Filter>src\Classes\Common\EventManager</Filter>
    </ClInclude>
    <ClInclude Include="..\Classes\Common\Entities\Entities.h">
      <Filter>src\Classes\Common\Entities</Filter>
    </ClInclude>
    <ClInclude Include="..\Classes\Common\Entities\Player\Player.h">
      <Filter>src\Classes\Common\Entities</Filter>
    </ClInclude>
    <ClInclude Include="..\Classes\Common\Item\Item.h">
      <Filter>src\Classes\Common\Item</Filter>
    </ClInclude>
    <ClInclude Include="..\Classes\Common\Item\Equipment\Equipment.h">
      <Filter>src\Classes\Common\Item</Filter>
    </ClInclude>
    <ClInclude Include="..\Classes\Common\Item\Equipment\Weapon\Weapon.h">
      <Filter>src\Classes\Common\Item</Filter>
    </ClInclude>
    <ClInclude Include="..\Classes\Common\Entities\Enemy\Enemy.h">
      <Filter>src\Classes\Common\Entities</Filter>
    </ClInclude>
    <ClInclude Include="..\Classes\Common\Element\Element.h">
      <Filter>src\Classes\Common\Element</Filter>
    </ClInclude>
    <ClInclude Include="..\Classes\Common\Entities\Player\Skill\Skill.h">
      <Filter>src\Classes\Common\Skill</Filter>
    </ClInclude>
    <ClInclude Include="..\Classes\Common\Backpack\Backpack.h">
      <Filter>src\Classes\Common\Backpack</Filter>
    </ClInclude>
    <ClInclude Include="..\Classes\Common\Item\Food\Food.h">
      <Filter>src\Classes\Common\Item</Filter>
    </ClInclude>
    <ClInclude Include="..\Classes\Common\Item\Potion\Potion.h">
      <Filter>src\Classes\Common\Item</Filter>
    </ClInclude>
    <ClInclude Include="..\Classes\Common\Item\Equipment\Armor\Armor.h">
      <Filter>src\Classes\Common\Item</Filter>
    </ClInclude>
    <ClInclude Include="..\Classes\Common\Item\Equipment\Accessory\Accessory.h">
      <Filter>src\Classes\Common\Item</Filter>
    </ClInclude>
    <ClInclude Include="..\Classes\Common\Entities\Player\Skill\ShieldSkill\ShieldSkill.h">
      <Filter>src\Classes\Common\Skill</Filter>
    </ClInclude>
    <ClInclude Include="..\Classes\Common\Entities\Player\Skill\HealSkill\HealSkill.h">
      <Filter>src\Classes\Common\Skill</Filter>
    </ClInclude>
    <ClInclude Include="..\Classes\Common\Entities\Player\Skill\AttackSkill\AttackSkill.h">
      <Filter>src\Classes\Common\Skill</Filter>
    </ClInclude>
    <ClInclude Include="ToolFunction.h">
      <Filter>src\ToolFunction</Filter>
    </ClInclude>
  </ItemGroup>
  <ItemGroup>
    <ResourceCompile Include="game.rc">
      <Filter>resource</Filter>
    </ResourceCompile>
  </ItemGroup>
</Project>